// !$*UTF8*$!
{
	archiveVersion = 1;
	classes = {
	};
	objectVersion = 51;
	objects = {

/* Begin PBXBuildFile section */
		1E095D7424C5D17C00081545 /* DetailViewController.swift in Sources */ = {isa = PBXBuildFile; fileRef = 1E095D7324C5D17C00081545 /* DetailViewController.swift */; };
		1E095D7624C5D19000081545 /* DetailInteractor.swift in Sources */ = {isa = PBXBuildFile; fileRef = 1E095D7524C5D19000081545 /* DetailInteractor.swift */; };
		1E095D7824C5D1A100081545 /* DetailPresenter.swift in Sources */ = {isa = PBXBuildFile; fileRef = 1E095D7724C5D1A100081545 /* DetailPresenter.swift */; };
		1E095D7A24C5D1D500081545 /* DetailAssembly.swift in Sources */ = {isa = PBXBuildFile; fileRef = 1E095D7924C5D1D500081545 /* DetailAssembly.swift */; };
		1E095D7C24C5D1E400081545 /* DetailRouter.swift in Sources */ = {isa = PBXBuildFile; fileRef = 1E095D7B24C5D1E400081545 /* DetailRouter.swift */; };
		1E095D8C24C7263E00081545 /* PhotoCell.swift in Sources */ = {isa = PBXBuildFile; fileRef = 1E095D8B24C7263D00081545 /* PhotoCell.swift */; };
		1E095D8E24C72BE000081545 /* FullNameTableViewCell.swift in Sources */ = {isa = PBXBuildFile; fileRef = 1E095D8D24C72BE000081545 /* FullNameTableViewCell.swift */; };
		1E353D6424C816890082A4F8 /* PositionTableViewCell.swift in Sources */ = {isa = PBXBuildFile; fileRef = 1E353D6324C816890082A4F8 /* PositionTableViewCell.swift */; };
		1E353D6624C816B00082A4F8 /* CompanyTableViewCell.swift in Sources */ = {isa = PBXBuildFile; fileRef = 1E353D6524C816B00082A4F8 /* CompanyTableViewCell.swift */; };
		1E353D6824C816C20082A4F8 /* ActivityTableViewCell.swift in Sources */ = {isa = PBXBuildFile; fileRef = 1E353D6724C816C20082A4F8 /* ActivityTableViewCell.swift */; };
		1E353D6E24C82CF00082A4F8 /* DetailViewModel.swift in Sources */ = {isa = PBXBuildFile; fileRef = 1E353D6D24C82CF00082A4F8 /* DetailViewModel.swift */; };
		1E353D7124C838270082A4F8 /* DetailDataProvider.swift in Sources */ = {isa = PBXBuildFile; fileRef = 1E353D7024C838270082A4F8 /* DetailDataProvider.swift */; };
		1E39549324BF4D3600B1CA57 /* UserListScreenAssembly.swift in Sources */ = {isa = PBXBuildFile; fileRef = 1E39549224BF4D3600B1CA57 /* UserListScreenAssembly.swift */; };
		1E39549724C0309E00B1CA57 /* UsersListPresenter.swift in Sources */ = {isa = PBXBuildFile; fileRef = 1E39549624C0309E00B1CA57 /* UsersListPresenter.swift */; };
		1E39549924C033A300B1CA57 /* UsersListNetwokManager.swift in Sources */ = {isa = PBXBuildFile; fileRef = 1E39549824C033A300B1CA57 /* UsersListNetwokManager.swift */; };
		1E39549B24C039FE00B1CA57 /* UsersListScreenRouter.swift in Sources */ = {isa = PBXBuildFile; fileRef = 1E39549A24C039FE00B1CA57 /* UsersListScreenRouter.swift */; };
		1E39549D24C03A5A00B1CA57 /* UsersListInteractor.swift in Sources */ = {isa = PBXBuildFile; fileRef = 1E39549C24C03A5A00B1CA57 /* UsersListInteractor.swift */; };
		1E39549F24C049B200B1CA57 /* UsersListViewController.swift in Sources */ = {isa = PBXBuildFile; fileRef = 1E39549E24C049B200B1CA57 /* UsersListViewController.swift */; };
		1E9BF14B24BF2C90008B5E70 /* AppDelegate.swift in Sources */ = {isa = PBXBuildFile; fileRef = 1E9BF14A24BF2C90008B5E70 /* AppDelegate.swift */; };
		1E9BF15424BF2C91008B5E70 /* Assets.xcassets in Resources */ = {isa = PBXBuildFile; fileRef = 1E9BF15324BF2C91008B5E70 /* Assets.xcassets */; };
		1E9BF15724BF2C91008B5E70 /* LaunchScreen.storyboard in Resources */ = {isa = PBXBuildFile; fileRef = 1E9BF15524BF2C91008B5E70 /* LaunchScreen.storyboard */; };
		1E9BF18124BF37D5008B5E70 /* UserModel.swift in Sources */ = {isa = PBXBuildFile; fileRef = 1E9BF18024BF37D5008B5E70 /* UserModel.swift */; };
		1E9BF18324BF3AC1008B5E70 /* UsersDataListModel.swift in Sources */ = {isa = PBXBuildFile; fileRef = 1E9BF18224BF3AC1008B5E70 /* UsersDataListModel.swift */; };
		1E9BF18524BF3CDF008B5E70 /* UsersListCustomTableViewCell.swift in Sources */ = {isa = PBXBuildFile; fileRef = 1E9BF18424BF3CDF008B5E70 /* UsersListCustomTableViewCell.swift */; };
		1EC49F6B24D0078F004C1925 /* GoogleService-Info.plist in Resources */ = {isa = PBXBuildFile; fileRef = 1EC49F6A24D0078F004C1925 /* GoogleService-Info.plist */; };
		1EC49F7524D07D68004C1925 /* ProfileViewController.swift in Sources */ = {isa = PBXBuildFile; fileRef = 1EC49F7424D07D68004C1925 /* ProfileViewController.swift */; };
		1EC49F7724D07D83004C1925 /* ProfilePresenter.swift in Sources */ = {isa = PBXBuildFile; fileRef = 1EC49F7624D07D83004C1925 /* ProfilePresenter.swift */; };
		1EC49F7924D07D97004C1925 /* ProfileInteractor.swift in Sources */ = {isa = PBXBuildFile; fileRef = 1EC49F7824D07D97004C1925 /* ProfileInteractor.swift */; };
		1EC49F7B24D07DAE004C1925 /* ProfileAssembly.swift in Sources */ = {isa = PBXBuildFile; fileRef = 1EC49F7A24D07DAE004C1925 /* ProfileAssembly.swift */; };
		1EC49F7D24D07DC1004C1925 /* ProfileRouter.swift in Sources */ = {isa = PBXBuildFile; fileRef = 1EC49F7C24D07DC1004C1925 /* ProfileRouter.swift */; };
		1EC49F7F24D17CC3004C1925 /* ProfileModel.swift in Sources */ = {isa = PBXBuildFile; fileRef = 1EC49F7E24D17CC3004C1925 /* ProfileModel.swift */; };
		1EC49F8824D17EB9004C1925 /* CreateViewController.swift in Sources */ = {isa = PBXBuildFile; fileRef = 1EC49F8724D17EB9004C1925 /* CreateViewController.swift */; };
		1EC49F8A24D17ECF004C1925 /* CreatePresenter.swift in Sources */ = {isa = PBXBuildFile; fileRef = 1EC49F8924D17ECF004C1925 /* CreatePresenter.swift */; };
		1EC49F8C24D17EE0004C1925 /* CreateInteractor.swift in Sources */ = {isa = PBXBuildFile; fileRef = 1EC49F8B24D17EE0004C1925 /* CreateInteractor.swift */; };
		1EC49F8E24D17EF4004C1925 /* CreateAssembly.swift in Sources */ = {isa = PBXBuildFile; fileRef = 1EC49F8D24D17EF4004C1925 /* CreateAssembly.swift */; };
		1EC49F9024D17F05004C1925 /* CreateRouter.swift in Sources */ = {isa = PBXBuildFile; fileRef = 1EC49F8F24D17F05004C1925 /* CreateRouter.swift */; };
		1EEBE8C724C96DDD00665F06 /* Assembly.swift in Sources */ = {isa = PBXBuildFile; fileRef = 1EEBE8C024C96DDD00665F06 /* Assembly.swift */; };
		1EEBE8C824C96DDD00665F06 /* Foundation+Extension.swift in Sources */ = {isa = PBXBuildFile; fileRef = 1EEBE8C124C96DDD00665F06 /* Foundation+Extension.swift */; };
		1EEBE8C924C96DDD00665F06 /* ConfigurableCell.swift in Sources */ = {isa = PBXBuildFile; fileRef = 1EEBE8C224C96DDD00665F06 /* ConfigurableCell.swift */; };
		1EEBE8CA24C96DDD00665F06 /* ModuleTransitionHandler.swift in Sources */ = {isa = PBXBuildFile; fileRef = 1EEBE8C324C96DDD00665F06 /* ModuleTransitionHandler.swift */; };
		1EEBE8CB24C96DDD00665F06 /* TableCellConfigurator.swift in Sources */ = {isa = PBXBuildFile; fileRef = 1EEBE8C424C96DDD00665F06 /* TableCellConfigurator.swift */; };
		1EEBE8CC24C96DDD00665F06 /* Collection+Register.swift in Sources */ = {isa = PBXBuildFile; fileRef = 1EEBE8C524C96DDD00665F06 /* Collection+Register.swift */; };
		1EEBE8CD24C96DDD00665F06 /* NavigationBarSetings.swift in Sources */ = {isa = PBXBuildFile; fileRef = 1EEBE8C624C96DDD00665F06 /* NavigationBarSetings.swift */; };
		1EEBE8CF24C9783500665F06 /* SetupDetailLabel.swift in Sources */ = {isa = PBXBuildFile; fileRef = 1EEBE8CE24C9783500665F06 /* SetupDetailLabel.swift */; };
		1EEBE8D324C9B33900665F06 /* SignInViewController.swift in Sources */ = {isa = PBXBuildFile; fileRef = 1EEBE8D224C9B33900665F06 /* SignInViewController.swift */; };
		1EEBE8D524C9B34F00665F06 /* SignInInteractor.swift in Sources */ = {isa = PBXBuildFile; fileRef = 1EEBE8D424C9B34F00665F06 /* SignInInteractor.swift */; };
		1EEBE8D724C9B36800665F06 /* SignInPresenter.swift in Sources */ = {isa = PBXBuildFile; fileRef = 1EEBE8D624C9B36800665F06 /* SignInPresenter.swift */; };
		1EEBE8D924C9B37C00665F06 /* SignInAssembly.swift in Sources */ = {isa = PBXBuildFile; fileRef = 1EEBE8D824C9B37C00665F06 /* SignInAssembly.swift */; };
		1EEBE8DB24C9B39600665F06 /* SignInRouter.swift in Sources */ = {isa = PBXBuildFile; fileRef = 1EEBE8DA24C9B39600665F06 /* SignInRouter.swift */; };
		1EF6953D24C9DF200065CA13 /* UITextField+roundsCorner.swift in Sources */ = {isa = PBXBuildFile; fileRef = 1EF6953C24C9DF200065CA13 /* UITextField+roundsCorner.swift */; };
		1EF6953F24CAB9E90065CA13 /* SignUpViewController.swift in Sources */ = {isa = PBXBuildFile; fileRef = 1EF6953E24CAB9E90065CA13 /* SignUpViewController.swift */; };
		1EF6954124CABA170065CA13 /* SignUpPresenter.swift in Sources */ = {isa = PBXBuildFile; fileRef = 1EF6954024CABA170065CA13 /* SignUpPresenter.swift */; };
		1EF6954324CABA280065CA13 /* SignUpInteractor.swift in Sources */ = {isa = PBXBuildFile; fileRef = 1EF6954224CABA280065CA13 /* SignUpInteractor.swift */; };
		1EF6954524CABA390065CA13 /* SignUpAssembly.swift in Sources */ = {isa = PBXBuildFile; fileRef = 1EF6954424CABA390065CA13 /* SignUpAssembly.swift */; };
		1EF6954724CABA480065CA13 /* SignUpRouter.swift in Sources */ = {isa = PBXBuildFile; fileRef = 1EF6954624CABA480065CA13 /* SignUpRouter.swift */; };
		88DDE5D731A82C33D2EB66BA /* Pods_VIPERtoCRY.framework in Frameworks */ = {isa = PBXBuildFile; fileRef = B007E5972773F4A8204F7F48 /* Pods_VIPERtoCRY.framework */; };
/* End PBXBuildFile section */

/* Begin PBXFileReference section */
		1E095D7324C5D17C00081545 /* DetailViewController.swift */ = {isa = PBXFileReference; lastKnownFileType = sourcecode.swift; path = DetailViewController.swift; sourceTree = "<group>"; };
		1E095D7524C5D19000081545 /* DetailInteractor.swift */ = {isa = PBXFileReference; lastKnownFileType = sourcecode.swift; path = DetailInteractor.swift; sourceTree = "<group>"; };
		1E095D7724C5D1A100081545 /* DetailPresenter.swift */ = {isa = PBXFileReference; lastKnownFileType = sourcecode.swift; path = DetailPresenter.swift; sourceTree = "<group>"; };
		1E095D7924C5D1D500081545 /* DetailAssembly.swift */ = {isa = PBXFileReference; lastKnownFileType = sourcecode.swift; path = DetailAssembly.swift; sourceTree = "<group>"; };
		1E095D7B24C5D1E400081545 /* DetailRouter.swift */ = {isa = PBXFileReference; lastKnownFileType = sourcecode.swift; path = DetailRouter.swift; sourceTree = "<group>"; };
		1E095D8B24C7263D00081545 /* PhotoCell.swift */ = {isa = PBXFileReference; lastKnownFileType = sourcecode.swift; path = PhotoCell.swift; sourceTree = "<group>"; };
		1E095D8D24C72BE000081545 /* FullNameTableViewCell.swift */ = {isa = PBXFileReference; lastKnownFileType = sourcecode.swift; path = FullNameTableViewCell.swift; sourceTree = "<group>"; };
		1E353D6324C816890082A4F8 /* PositionTableViewCell.swift */ = {isa = PBXFileReference; lastKnownFileType = sourcecode.swift; path = PositionTableViewCell.swift; sourceTree = "<group>"; };
		1E353D6524C816B00082A4F8 /* CompanyTableViewCell.swift */ = {isa = PBXFileReference; lastKnownFileType = sourcecode.swift; path = CompanyTableViewCell.swift; sourceTree = "<group>"; };
		1E353D6724C816C20082A4F8 /* ActivityTableViewCell.swift */ = {isa = PBXFileReference; lastKnownFileType = sourcecode.swift; path = ActivityTableViewCell.swift; sourceTree = "<group>"; };
		1E353D6D24C82CF00082A4F8 /* DetailViewModel.swift */ = {isa = PBXFileReference; lastKnownFileType = sourcecode.swift; path = DetailViewModel.swift; sourceTree = "<group>"; };
		1E353D7024C838270082A4F8 /* DetailDataProvider.swift */ = {isa = PBXFileReference; lastKnownFileType = sourcecode.swift; path = DetailDataProvider.swift; sourceTree = "<group>"; };
		1E39549224BF4D3600B1CA57 /* UserListScreenAssembly.swift */ = {isa = PBXFileReference; lastKnownFileType = sourcecode.swift; path = UserListScreenAssembly.swift; sourceTree = "<group>"; };
		1E39549624C0309E00B1CA57 /* UsersListPresenter.swift */ = {isa = PBXFileReference; lastKnownFileType = sourcecode.swift; path = UsersListPresenter.swift; sourceTree = "<group>"; };
		1E39549824C033A300B1CA57 /* UsersListNetwokManager.swift */ = {isa = PBXFileReference; lastKnownFileType = sourcecode.swift; path = UsersListNetwokManager.swift; sourceTree = "<group>"; };
		1E39549A24C039FE00B1CA57 /* UsersListScreenRouter.swift */ = {isa = PBXFileReference; lastKnownFileType = sourcecode.swift; path = UsersListScreenRouter.swift; sourceTree = "<group>"; };
		1E39549C24C03A5A00B1CA57 /* UsersListInteractor.swift */ = {isa = PBXFileReference; lastKnownFileType = sourcecode.swift; path = UsersListInteractor.swift; sourceTree = "<group>"; };
		1E39549E24C049B200B1CA57 /* UsersListViewController.swift */ = {isa = PBXFileReference; lastKnownFileType = sourcecode.swift; path = UsersListViewController.swift; sourceTree = "<group>"; };
		1E9BF14724BF2C90008B5E70 /* VIPERtoCRY.app */ = {isa = PBXFileReference; explicitFileType = wrapper.application; includeInIndex = 0; path = VIPERtoCRY.app; sourceTree = BUILT_PRODUCTS_DIR; };
		1E9BF14A24BF2C90008B5E70 /* AppDelegate.swift */ = {isa = PBXFileReference; lastKnownFileType = sourcecode.swift; path = AppDelegate.swift; sourceTree = "<group>"; };
		1E9BF15324BF2C91008B5E70 /* Assets.xcassets */ = {isa = PBXFileReference; lastKnownFileType = folder.assetcatalog; path = Assets.xcassets; sourceTree = "<group>"; };
		1E9BF15624BF2C91008B5E70 /* Base */ = {isa = PBXFileReference; lastKnownFileType = file.storyboard; name = Base; path = Base.lproj/LaunchScreen.storyboard; sourceTree = "<group>"; };
		1E9BF15824BF2C91008B5E70 /* Info.plist */ = {isa = PBXFileReference; lastKnownFileType = text.plist.xml; path = Info.plist; sourceTree = "<group>"; };
		1E9BF18024BF37D5008B5E70 /* UserModel.swift */ = {isa = PBXFileReference; lastKnownFileType = sourcecode.swift; path = UserModel.swift; sourceTree = "<group>"; };
		1E9BF18224BF3AC1008B5E70 /* UsersDataListModel.swift */ = {isa = PBXFileReference; lastKnownFileType = sourcecode.swift; path = UsersDataListModel.swift; sourceTree = "<group>"; };
		1E9BF18424BF3CDF008B5E70 /* UsersListCustomTableViewCell.swift */ = {isa = PBXFileReference; lastKnownFileType = sourcecode.swift; path = UsersListCustomTableViewCell.swift; sourceTree = "<group>"; };
		1EC49F6A24D0078F004C1925 /* GoogleService-Info.plist */ = {isa = PBXFileReference; fileEncoding = 4; lastKnownFileType = text.plist.xml; path = "GoogleService-Info.plist"; sourceTree = "<group>"; };
		1EC49F7424D07D68004C1925 /* ProfileViewController.swift */ = {isa = PBXFileReference; lastKnownFileType = sourcecode.swift; path = ProfileViewController.swift; sourceTree = "<group>"; };
		1EC49F7624D07D83004C1925 /* ProfilePresenter.swift */ = {isa = PBXFileReference; lastKnownFileType = sourcecode.swift; path = ProfilePresenter.swift; sourceTree = "<group>"; };
		1EC49F7824D07D97004C1925 /* ProfileInteractor.swift */ = {isa = PBXFileReference; lastKnownFileType = sourcecode.swift; path = ProfileInteractor.swift; sourceTree = "<group>"; };
		1EC49F7A24D07DAE004C1925 /* ProfileAssembly.swift */ = {isa = PBXFileReference; lastKnownFileType = sourcecode.swift; path = ProfileAssembly.swift; sourceTree = "<group>"; };
		1EC49F7C24D07DC1004C1925 /* ProfileRouter.swift */ = {isa = PBXFileReference; lastKnownFileType = sourcecode.swift; path = ProfileRouter.swift; sourceTree = "<group>"; };
		1EC49F7E24D17CC3004C1925 /* ProfileModel.swift */ = {isa = PBXFileReference; lastKnownFileType = sourcecode.swift; path = ProfileModel.swift; sourceTree = "<group>"; };
		1EC49F8724D17EB9004C1925 /* CreateViewController.swift */ = {isa = PBXFileReference; lastKnownFileType = sourcecode.swift; path = CreateViewController.swift; sourceTree = "<group>"; };
		1EC49F8924D17ECF004C1925 /* CreatePresenter.swift */ = {isa = PBXFileReference; lastKnownFileType = sourcecode.swift; path = CreatePresenter.swift; sourceTree = "<group>"; };
		1EC49F8B24D17EE0004C1925 /* CreateInteractor.swift */ = {isa = PBXFileReference; lastKnownFileType = sourcecode.swift; path = CreateInteractor.swift; sourceTree = "<group>"; };
		1EC49F8D24D17EF4004C1925 /* CreateAssembly.swift */ = {isa = PBXFileReference; lastKnownFileType = sourcecode.swift; path = CreateAssembly.swift; sourceTree = "<group>"; };
		1EC49F8F24D17F05004C1925 /* CreateRouter.swift */ = {isa = PBXFileReference; lastKnownFileType = sourcecode.swift; path = CreateRouter.swift; sourceTree = "<group>"; };
		1EEBE8C024C96DDD00665F06 /* Assembly.swift */ = {isa = PBXFileReference; fileEncoding = 4; lastKnownFileType = sourcecode.swift; path = Assembly.swift; sourceTree = "<group>"; };
		1EEBE8C124C96DDD00665F06 /* Foundation+Extension.swift */ = {isa = PBXFileReference; fileEncoding = 4; lastKnownFileType = sourcecode.swift; path = "Foundation+Extension.swift"; sourceTree = "<group>"; };
		1EEBE8C224C96DDD00665F06 /* ConfigurableCell.swift */ = {isa = PBXFileReference; fileEncoding = 4; lastKnownFileType = sourcecode.swift; path = ConfigurableCell.swift; sourceTree = "<group>"; };
		1EEBE8C324C96DDD00665F06 /* ModuleTransitionHandler.swift */ = {isa = PBXFileReference; fileEncoding = 4; lastKnownFileType = sourcecode.swift; path = ModuleTransitionHandler.swift; sourceTree = "<group>"; };
		1EEBE8C424C96DDD00665F06 /* TableCellConfigurator.swift */ = {isa = PBXFileReference; fileEncoding = 4; lastKnownFileType = sourcecode.swift; path = TableCellConfigurator.swift; sourceTree = "<group>"; };
		1EEBE8C524C96DDD00665F06 /* Collection+Register.swift */ = {isa = PBXFileReference; fileEncoding = 4; lastKnownFileType = sourcecode.swift; path = "Collection+Register.swift"; sourceTree = "<group>"; };
		1EEBE8C624C96DDD00665F06 /* NavigationBarSetings.swift */ = {isa = PBXFileReference; fileEncoding = 4; lastKnownFileType = sourcecode.swift; path = NavigationBarSetings.swift; sourceTree = "<group>"; };
		1EEBE8CE24C9783500665F06 /* SetupDetailLabel.swift */ = {isa = PBXFileReference; lastKnownFileType = sourcecode.swift; path = SetupDetailLabel.swift; sourceTree = "<group>"; };
		1EEBE8D224C9B33900665F06 /* SignInViewController.swift */ = {isa = PBXFileReference; lastKnownFileType = sourcecode.swift; path = SignInViewController.swift; sourceTree = "<group>"; };
		1EEBE8D424C9B34F00665F06 /* SignInInteractor.swift */ = {isa = PBXFileReference; lastKnownFileType = sourcecode.swift; path = SignInInteractor.swift; sourceTree = "<group>"; };
		1EEBE8D624C9B36800665F06 /* SignInPresenter.swift */ = {isa = PBXFileReference; lastKnownFileType = sourcecode.swift; path = SignInPresenter.swift; sourceTree = "<group>"; };
		1EEBE8D824C9B37C00665F06 /* SignInAssembly.swift */ = {isa = PBXFileReference; lastKnownFileType = sourcecode.swift; path = SignInAssembly.swift; sourceTree = "<group>"; };
		1EEBE8DA24C9B39600665F06 /* SignInRouter.swift */ = {isa = PBXFileReference; lastKnownFileType = sourcecode.swift; path = SignInRouter.swift; sourceTree = "<group>"; };
		1EF6953C24C9DF200065CA13 /* UITextField+roundsCorner.swift */ = {isa = PBXFileReference; lastKnownFileType = sourcecode.swift; path = "UITextField+roundsCorner.swift"; sourceTree = "<group>"; };
		1EF6953E24CAB9E90065CA13 /* SignUpViewController.swift */ = {isa = PBXFileReference; lastKnownFileType = sourcecode.swift; name = SignUpViewController.swift; path = VIPERtoCRY/Common/SignUpViewController.swift; sourceTree = SOURCE_ROOT; };
		1EF6954024CABA170065CA13 /* SignUpPresenter.swift */ = {isa = PBXFileReference; lastKnownFileType = sourcecode.swift; path = SignUpPresenter.swift; sourceTree = "<group>"; };
		1EF6954224CABA280065CA13 /* SignUpInteractor.swift */ = {isa = PBXFileReference; lastKnownFileType = sourcecode.swift; name = SignUpInteractor.swift; path = "VIPERtoCRY/Modules/SignUpScreenModule/New Group/Presenter/SignUpInteractor.swift"; sourceTree = SOURCE_ROOT; };
		1EF6954424CABA390065CA13 /* SignUpAssembly.swift */ = {isa = PBXFileReference; lastKnownFileType = sourcecode.swift; path = SignUpAssembly.swift; sourceTree = "<group>"; };
		1EF6954624CABA480065CA13 /* SignUpRouter.swift */ = {isa = PBXFileReference; lastKnownFileType = sourcecode.swift; path = SignUpRouter.swift; sourceTree = "<group>"; };
		5002A46B5384E057A8F60B11 /* Pods-VIPERtoCRY.debug.xcconfig */ = {isa = PBXFileReference; includeInIndex = 1; lastKnownFileType = text.xcconfig; name = "Pods-VIPERtoCRY.debug.xcconfig"; path = "Target Support Files/Pods-VIPERtoCRY/Pods-VIPERtoCRY.debug.xcconfig"; sourceTree = "<group>"; };
		7E8A23D56401368FC7EB65F4 /* Pods-VIPERtoCRY.release.xcconfig */ = {isa = PBXFileReference; includeInIndex = 1; lastKnownFileType = text.xcconfig; name = "Pods-VIPERtoCRY.release.xcconfig"; path = "Target Support Files/Pods-VIPERtoCRY/Pods-VIPERtoCRY.release.xcconfig"; sourceTree = "<group>"; };
		B007E5972773F4A8204F7F48 /* Pods_VIPERtoCRY.framework */ = {isa = PBXFileReference; explicitFileType = wrapper.framework; includeInIndex = 0; path = Pods_VIPERtoCRY.framework; sourceTree = BUILT_PRODUCTS_DIR; };
/* End PBXFileReference section */

/* Begin PBXFrameworksBuildPhase section */
		1E9BF14424BF2C90008B5E70 /* Frameworks */ = {
			isa = PBXFrameworksBuildPhase;
			buildActionMask = 2147483647;
			files = (
				88DDE5D731A82C33D2EB66BA /* Pods_VIPERtoCRY.framework in Frameworks */,
			);
			runOnlyForDeploymentPostprocessing = 0;
		};
/* End PBXFrameworksBuildPhase section */

/* Begin PBXGroup section */
		1E095D8F24C7448900081545 /* Cells */ = {
			isa = PBXGroup;
			children = (
				1E095D8B24C7263D00081545 /* PhotoCell.swift */,
				1E095D8D24C72BE000081545 /* FullNameTableViewCell.swift */,
				1E353D6324C816890082A4F8 /* PositionTableViewCell.swift */,
				1E353D6524C816B00082A4F8 /* CompanyTableViewCell.swift */,
				1E353D6724C816C20082A4F8 /* ActivityTableViewCell.swift */,
			);
			path = Cells;
			sourceTree = "<group>";
		};
		1E353D6F24C838120082A4F8 /* DataProvider */ = {
			isa = PBXGroup;
			children = (
				1E353D7024C838270082A4F8 /* DetailDataProvider.swift */,
			);
			path = DataProvider;
			sourceTree = "<group>";
		};
		1E39549424BF4EA500B1CA57 /* NetworkManager */ = {
			isa = PBXGroup;
			children = (
				1E39549824C033A300B1CA57 /* UsersListNetwokManager.swift */,
			);
			path = NetworkManager;
			sourceTree = "<group>";
		};
		1E39549524BF4EB600B1CA57 /* AutorisationManager */ = {
			isa = PBXGroup;
			children = (
			);
			path = AutorisationManager;
			sourceTree = "<group>";
		};
		1E3EFADD24C963A600CB1828 /* Common */ = {
			isa = PBXGroup;
			children = (
				1EEBE8C024C96DDD00665F06 /* Assembly.swift */,
				1EEBE8C524C96DDD00665F06 /* Collection+Register.swift */,
				1EEBE8C224C96DDD00665F06 /* ConfigurableCell.swift */,
				1EEBE8C124C96DDD00665F06 /* Foundation+Extension.swift */,
				1EEBE8C324C96DDD00665F06 /* ModuleTransitionHandler.swift */,
				1EEBE8C624C96DDD00665F06 /* NavigationBarSetings.swift */,
				1EEBE8C424C96DDD00665F06 /* TableCellConfigurator.swift */,
				1EEBE8CE24C9783500665F06 /* SetupDetailLabel.swift */,
				1EF6953C24C9DF200065CA13 /* UITextField+roundsCorner.swift */,
			);
			path = Common;
			sourceTree = "<group>";
		};
		1E9BF13E24BF2C90008B5E70 = {
			isa = PBXGroup;
			children = (
				1E9BF14924BF2C90008B5E70 /* VIPERtoCRY */,
				1E9BF14824BF2C90008B5E70 /* Products */,
				B488DF3F7630B321BCD3F040 /* Pods */,
				AC617638E6C26A780460F0B6 /* Frameworks */,
			);
			sourceTree = "<group>";
		};
		1E9BF14824BF2C90008B5E70 /* Products */ = {
			isa = PBXGroup;
			children = (
				1E9BF14724BF2C90008B5E70 /* VIPERtoCRY.app */,
			);
			name = Products;
			sourceTree = "<group>";
		};
		1E9BF14924BF2C90008B5E70 /* VIPERtoCRY */ = {
			isa = PBXGroup;
			children = (
				1E9BF16024BF2CFC008B5E70 /* Application */,
				1E9BF15E24BF2C9D008B5E70 /* Modules */,
				1E3EFADD24C963A600CB1828 /* Common */,
				1E9BF17A24BF300B008B5E70 /* Services */,
				1E9BF17B24BF3087008B5E70 /* Resources */,
			);
			path = VIPERtoCRY;
			sourceTree = "<group>";
		};
		1E9BF15E24BF2C9D008B5E70 /* Modules */ = {
			isa = PBXGroup;
			children = (
				1E9BF16424BF2DC7008B5E70 /* UsersListScreenModule */,
				1E9BF16324BF2DC2008B5E70 /* DetailScreenModule */,
				1E9BF16224BF2DBE008B5E70 /* SignInScreenModule */,
				1E9BF16124BF2DBA008B5E70 /* SignUpScreenModule */,
				1EC49F8024D17E41004C1925 /* CreateProfileModule */,
				1EC49F6C24D07C97004C1925 /* ProfileScreenModule */,
			);
			path = Modules;
			sourceTree = "<group>";
		};
		1E9BF16024BF2CFC008B5E70 /* Application */ = {
			isa = PBXGroup;
			children = (
				1E9BF14A24BF2C90008B5E70 /* AppDelegate.swift */,
				1E9BF15524BF2C91008B5E70 /* LaunchScreen.storyboard */,
			);
			path = Application;
			sourceTree = "<group>";
		};
		1E9BF16124BF2DBA008B5E70 /* SignUpScreenModule */ = {
			isa = PBXGroup;
			children = (
				1E9BF17724BF2F62008B5E70 /* View */,
				1E9BF17524BF2F5F008B5E70 /* Presenter */,
				1E9BF17624BF2F61008B5E70 /* Interactor */,
				1E9BF17924BF2FD3008B5E70 /* Model */,
				1E9BF17424BF2F5F008B5E70 /* Wireframe */,
			);
			path = SignUpScreenModule;
			sourceTree = "<group>";
		};
		1E9BF16224BF2DBE008B5E70 /* SignInScreenModule */ = {
			isa = PBXGroup;
			children = (
				1E9BF17324BF2F36008B5E70 /* View */,
				1E9BF17224BF2F32008B5E70 /* Interactor */,
				1E9BF17124BF2F2F008B5E70 /* Presenter */,
				1E9BF17024BF2F2C008B5E70 /* Model */,
				1E9BF16F24BF2F29008B5E70 /* Wireframe */,
			);
			path = SignInScreenModule;
			sourceTree = "<group>";
		};
		1E9BF16324BF2DC2008B5E70 /* DetailScreenModule */ = {
			isa = PBXGroup;
			children = (
				1E9BF16E24BF2EFB008B5E70 /* View */,
				1E9BF16D24BF2EF8008B5E70 /* Interactor */,
				1E9BF16C24BF2EF4008B5E70 /* Presenter */,
				1E9BF16B24BF2EF1008B5E70 /* Model */,
				1E9BF16A24BF2EEE008B5E70 /* Wireframe */,
			);
			path = DetailScreenModule;
			sourceTree = "<group>";
		};
		1E9BF16424BF2DC7008B5E70 /* UsersListScreenModule */ = {
			isa = PBXGroup;
			children = (
				1E9BF16924BF2E35008B5E70 /* View */,
				1E9BF16824BF2E32008B5E70 /* Interactor */,
				1E9BF16724BF2E2D008B5E70 /* Presenter */,
				1E9BF16624BF2E29008B5E70 /* Model */,
				1E9BF16524BF2E25008B5E70 /* Wireframe */,
			);
			path = UsersListScreenModule;
			sourceTree = "<group>";
		};
		1E9BF16524BF2E25008B5E70 /* Wireframe */ = {
			isa = PBXGroup;
			children = (
				1E39549224BF4D3600B1CA57 /* UserListScreenAssembly.swift */,
				1E39549A24C039FE00B1CA57 /* UsersListScreenRouter.swift */,
			);
			path = Wireframe;
			sourceTree = "<group>";
		};
		1E9BF16624BF2E29008B5E70 /* Model */ = {
			isa = PBXGroup;
			children = (
				1E9BF18024BF37D5008B5E70 /* UserModel.swift */,
				1E9BF18224BF3AC1008B5E70 /* UsersDataListModel.swift */,
			);
			path = Model;
			sourceTree = "<group>";
		};
		1E9BF16724BF2E2D008B5E70 /* Presenter */ = {
			isa = PBXGroup;
			children = (
				1E39549624C0309E00B1CA57 /* UsersListPresenter.swift */,
			);
			path = Presenter;
			sourceTree = "<group>";
		};
		1E9BF16824BF2E32008B5E70 /* Interactor */ = {
			isa = PBXGroup;
			children = (
				1E39549C24C03A5A00B1CA57 /* UsersListInteractor.swift */,
			);
			path = Interactor;
			sourceTree = "<group>";
		};
		1E9BF16924BF2E35008B5E70 /* View */ = {
			isa = PBXGroup;
			children = (
				1E9BF18424BF3CDF008B5E70 /* UsersListCustomTableViewCell.swift */,
				1E39549E24C049B200B1CA57 /* UsersListViewController.swift */,
			);
			path = View;
			sourceTree = "<group>";
		};
		1E9BF16A24BF2EEE008B5E70 /* Wireframe */ = {
			isa = PBXGroup;
			children = (
				1E095D7924C5D1D500081545 /* DetailAssembly.swift */,
				1E095D7B24C5D1E400081545 /* DetailRouter.swift */,
			);
			path = Wireframe;
			sourceTree = "<group>";
		};
		1E9BF16B24BF2EF1008B5E70 /* Model */ = {
			isa = PBXGroup;
			children = (
				1E353D6D24C82CF00082A4F8 /* DetailViewModel.swift */,
			);
			path = Model;
			sourceTree = "<group>";
		};
		1E9BF16C24BF2EF4008B5E70 /* Presenter */ = {
			isa = PBXGroup;
			children = (
				1E353D6F24C838120082A4F8 /* DataProvider */,
				1E095D7724C5D1A100081545 /* DetailPresenter.swift */,
			);
			path = Presenter;
			sourceTree = "<group>";
		};
		1E9BF16D24BF2EF8008B5E70 /* Interactor */ = {
			isa = PBXGroup;
			children = (
				1E095D7524C5D19000081545 /* DetailInteractor.swift */,
			);
			path = Interactor;
			sourceTree = "<group>";
		};
		1E9BF16E24BF2EFB008B5E70 /* View */ = {
			isa = PBXGroup;
			children = (
				1E095D8F24C7448900081545 /* Cells */,
				1E095D7324C5D17C00081545 /* DetailViewController.swift */,
			);
			path = View;
			sourceTree = "<group>";
		};
		1E9BF16F24BF2F29008B5E70 /* Wireframe */ = {
			isa = PBXGroup;
			children = (
				1EEBE8D824C9B37C00665F06 /* SignInAssembly.swift */,
				1EEBE8DA24C9B39600665F06 /* SignInRouter.swift */,
			);
			path = Wireframe;
			sourceTree = "<group>";
		};
		1E9BF17024BF2F2C008B5E70 /* Model */ = {
			isa = PBXGroup;
			children = (
			);
			path = Model;
			sourceTree = "<group>";
		};
		1E9BF17124BF2F2F008B5E70 /* Presenter */ = {
			isa = PBXGroup;
			children = (
				1EEBE8D624C9B36800665F06 /* SignInPresenter.swift */,
			);
			path = Presenter;
			sourceTree = "<group>";
		};
		1E9BF17224BF2F32008B5E70 /* Interactor */ = {
			isa = PBXGroup;
			children = (
				1EEBE8D424C9B34F00665F06 /* SignInInteractor.swift */,
			);
			path = Interactor;
			sourceTree = "<group>";
		};
		1E9BF17324BF2F36008B5E70 /* View */ = {
			isa = PBXGroup;
			children = (
				1EEBE8D224C9B33900665F06 /* SignInViewController.swift */,
			);
			path = View;
			sourceTree = "<group>";
		};
		1E9BF17424BF2F5F008B5E70 /* Wireframe */ = {
			isa = PBXGroup;
			children = (
				1EF6954424CABA390065CA13 /* SignUpAssembly.swift */,
				1EF6954624CABA480065CA13 /* SignUpRouter.swift */,
			);
			path = Wireframe;
			sourceTree = "<group>";
		};
		1E9BF17524BF2F5F008B5E70 /* Presenter */ = {
			isa = PBXGroup;
			children = (
				1EF6954024CABA170065CA13 /* SignUpPresenter.swift */,
			);
			name = Presenter;
			path = "New Group/Presenter";
			sourceTree = "<group>";
		};
		1E9BF17624BF2F61008B5E70 /* Interactor */ = {
			isa = PBXGroup;
			children = (
				1EF6954224CABA280065CA13 /* SignUpInteractor.swift */,
			);
			name = Interactor;
			path = "New Group/New Group/Interactor";
			sourceTree = "<group>";
		};
		1E9BF17724BF2F62008B5E70 /* View */ = {
			isa = PBXGroup;
			children = (
				1EF6953E24CAB9E90065CA13 /* SignUpViewController.swift */,
			);
			name = View;
			path = "New Group/New Group/New Group/View";
			sourceTree = "<group>";
		};
		1E9BF17924BF2FD3008B5E70 /* Model */ = {
			isa = PBXGroup;
			children = (
			);
			path = Model;
			sourceTree = "<group>";
		};
		1E9BF17A24BF300B008B5E70 /* Services */ = {
			isa = PBXGroup;
			children = (
				1E39549524BF4EB600B1CA57 /* AutorisationManager */,
				1E39549424BF4EA500B1CA57 /* NetworkManager */,
			);
			path = Services;
			sourceTree = "<group>";
		};
		1E9BF17B24BF3087008B5E70 /* Resources */ = {
			isa = PBXGroup;
			children = (
				1E9BF15324BF2C91008B5E70 /* Assets.xcassets */,
				1E9BF15824BF2C91008B5E70 /* Info.plist */,
				1EC49F6A24D0078F004C1925 /* GoogleService-Info.plist */,
			);
			path = Resources;
			sourceTree = "<group>";
		};
		1EC49F6C24D07C97004C1925 /* ProfileScreenModule */ = {
			isa = PBXGroup;
			children = (
				1EC49F6D24D07CE2004C1925 /* View */,
				1EC49F7324D07D1D004C1925 /* Presenter */,
				1EC49F7024D07D04004C1925 /* Interactor */,
				1EC49F7124D07D13004C1925 /* Model */,
				1EC49F6F24D07D01004C1925 /* Wireframe */,
			);
			path = ProfileScreenModule;
			sourceTree = "<group>";
		};
		1EC49F6D24D07CE2004C1925 /* View */ = {
			isa = PBXGroup;
			children = (
				1EC49F7424D07D68004C1925 /* ProfileViewController.swift */,
			);
			path = View;
			sourceTree = "<group>";
		};
		1EC49F6F24D07D01004C1925 /* Wireframe */ = {
			isa = PBXGroup;
			children = (
				1EC49F7A24D07DAE004C1925 /* ProfileAssembly.swift */,
				1EC49F7C24D07DC1004C1925 /* ProfileRouter.swift */,
			);
			path = Wireframe;
			sourceTree = "<group>";
		};
		1EC49F7024D07D04004C1925 /* Interactor */ = {
			isa = PBXGroup;
			children = (
				1EC49F7824D07D97004C1925 /* ProfileInteractor.swift */,
			);
			path = Interactor;
			sourceTree = "<group>";
		};
		1EC49F7124D07D13004C1925 /* Model */ = {
			isa = PBXGroup;
			children = (
				1EC49F7E24D17CC3004C1925 /* ProfileModel.swift */,
			);
			path = Model;
			sourceTree = "<group>";
		};
		1EC49F7324D07D1D004C1925 /* Presenter */ = {
			isa = PBXGroup;
			children = (
				1EC49F7624D07D83004C1925 /* ProfilePresenter.swift */,
			);
			path = Presenter;
			sourceTree = "<group>";
		};
		1EC49F8024D17E41004C1925 /* CreateProfileModule */ = {
			isa = PBXGroup;
			children = (
				1EC49F8124D17E5E004C1925 /* View */,
				1EC49F8224D17E65004C1925 /* Presenter */,
				1EC49F8424D17E7F004C1925 /* Interactor */,
				1EC49F8524D17E89004C1925 /* Model */,
				1EC49F8624D17E93004C1925 /* Wireframe */,
			);
			path = CreateProfileModule;
			sourceTree = "<group>";
		};
		1EC49F8124D17E5E004C1925 /* View */ = {
			isa = PBXGroup;
			children = (
				1EC49F8724D17EB9004C1925 /* CreateViewController.swift */,
			);
			path = View;
			sourceTree = "<group>";
		};
		1EC49F8224D17E65004C1925 /* Presenter */ = {
			isa = PBXGroup;
			children = (
				1EC49F8924D17ECF004C1925 /* CreatePresenter.swift */,
			);
			path = Presenter;
			sourceTree = "<group>";
		};
		1EC49F8424D17E7F004C1925 /* Interactor */ = {
			isa = PBXGroup;
			children = (
				1EC49F8B24D17EE0004C1925 /* CreateInteractor.swift */,
			);
			path = Interactor;
			sourceTree = "<group>";
		};
		1EC49F8524D17E89004C1925 /* Model */ = {
			isa = PBXGroup;
			children = (
			);
			path = Model;
			sourceTree = "<group>";
		};
		1EC49F8624D17E93004C1925 /* Wireframe */ = {
			isa = PBXGroup;
			children = (
				1EC49F8D24D17EF4004C1925 /* CreateAssembly.swift */,
				1EC49F8F24D17F05004C1925 /* CreateRouter.swift */,
			);
			path = Wireframe;
			sourceTree = "<group>";
		};
		AC617638E6C26A780460F0B6 /* Frameworks */ = {
			isa = PBXGroup;
			children = (
				B007E5972773F4A8204F7F48 /* Pods_VIPERtoCRY.framework */,
			);
			name = Frameworks;
			sourceTree = "<group>";
		};
		B488DF3F7630B321BCD3F040 /* Pods */ = {
			isa = PBXGroup;
			children = (
				5002A46B5384E057A8F60B11 /* Pods-VIPERtoCRY.debug.xcconfig */,
				7E8A23D56401368FC7EB65F4 /* Pods-VIPERtoCRY.release.xcconfig */,
			);
			path = Pods;
			sourceTree = "<group>";
		};
/* End PBXGroup section */

/* Begin PBXNativeTarget section */
		1E9BF14624BF2C90008B5E70 /* VIPERtoCRY */ = {
			isa = PBXNativeTarget;
			buildConfigurationList = 1E9BF15B24BF2C91008B5E70 /* Build configuration list for PBXNativeTarget "VIPERtoCRY" */;
			buildPhases = (
				365139D1704A000551318676 /* [CP] Check Pods Manifest.lock */,
				1E9BF14324BF2C90008B5E70 /* Sources */,
				1E9BF14424BF2C90008B5E70 /* Frameworks */,
				1E9BF14524BF2C90008B5E70 /* Resources */,
				2B5968BF6235980D6297B431 /* [CP] Embed Pods Frameworks */,
			);
			buildRules = (
			);
			dependencies = (
			);
			name = VIPERtoCRY;
			productName = VIPERtoCRY;
			productReference = 1E9BF14724BF2C90008B5E70 /* VIPERtoCRY.app */;
			productType = "com.apple.product-type.application";
		};
/* End PBXNativeTarget section */

/* Begin PBXProject section */
		1E9BF13F24BF2C90008B5E70 /* Project object */ = {
			isa = PBXProject;
			attributes = {
				LastSwiftUpdateCheck = 1130;
				LastUpgradeCheck = 1130;
				ORGANIZATIONNAME = "Айдин Абдурахманов";
				TargetAttributes = {
					1E9BF14624BF2C90008B5E70 = {
						CreatedOnToolsVersion = 11.3.1;
					};
				};
			};
			buildConfigurationList = 1E9BF14224BF2C90008B5E70 /* Build configuration list for PBXProject "VIPERtoCRY" */;
			compatibilityVersion = "Xcode 9.3";
			developmentRegion = en;
			hasScannedForEncodings = 0;
			knownRegions = (
				en,
				Base,
			);
			mainGroup = 1E9BF13E24BF2C90008B5E70;
			productRefGroup = 1E9BF14824BF2C90008B5E70 /* Products */;
			projectDirPath = "";
			projectRoot = "";
			targets = (
				1E9BF14624BF2C90008B5E70 /* VIPERtoCRY */,
			);
		};
/* End PBXProject section */

/* Begin PBXResourcesBuildPhase section */
		1E9BF14524BF2C90008B5E70 /* Resources */ = {
			isa = PBXResourcesBuildPhase;
			buildActionMask = 2147483647;
			files = (
				1E9BF15724BF2C91008B5E70 /* LaunchScreen.storyboard in Resources */,
				1E9BF15424BF2C91008B5E70 /* Assets.xcassets in Resources */,
				1EC49F6B24D0078F004C1925 /* GoogleService-Info.plist in Resources */,
			);
			runOnlyForDeploymentPostprocessing = 0;
		};
/* End PBXResourcesBuildPhase section */

/* Begin PBXShellScriptBuildPhase section */
		2B5968BF6235980D6297B431 /* [CP] Embed Pods Frameworks */ = {
			isa = PBXShellScriptBuildPhase;
			buildActionMask = 2147483647;
			files = (
			);
			inputFileListPaths = (
				"${PODS_ROOT}/Target Support Files/Pods-VIPERtoCRY/Pods-VIPERtoCRY-frameworks-${CONFIGURATION}-input-files.xcfilelist",
			);
			name = "[CP] Embed Pods Frameworks";
			outputFileListPaths = (
				"${PODS_ROOT}/Target Support Files/Pods-VIPERtoCRY/Pods-VIPERtoCRY-frameworks-${CONFIGURATION}-output-files.xcfilelist",
			);
			runOnlyForDeploymentPostprocessing = 0;
			shellPath = /bin/sh;
			shellScript = "\"${PODS_ROOT}/Target Support Files/Pods-VIPERtoCRY/Pods-VIPERtoCRY-frameworks.sh\"\n";
			showEnvVarsInLog = 0;
		};
		365139D1704A000551318676 /* [CP] Check Pods Manifest.lock */ = {
			isa = PBXShellScriptBuildPhase;
			buildActionMask = 2147483647;
			files = (
			);
			inputFileListPaths = (
			);
			inputPaths = (
				"${PODS_PODFILE_DIR_PATH}/Podfile.lock",
				"${PODS_ROOT}/Manifest.lock",
			);
			name = "[CP] Check Pods Manifest.lock";
			outputFileListPaths = (
			);
			outputPaths = (
				"$(DERIVED_FILE_DIR)/Pods-VIPERtoCRY-checkManifestLockResult.txt",
			);
			runOnlyForDeploymentPostprocessing = 0;
			shellPath = /bin/sh;
			shellScript = "diff \"${PODS_PODFILE_DIR_PATH}/Podfile.lock\" \"${PODS_ROOT}/Manifest.lock\" > /dev/null\nif [ $? != 0 ] ; then\n    # print error to STDERR\n    echo \"error: The sandbox is not in sync with the Podfile.lock. Run 'pod install' or update your CocoaPods installation.\" >&2\n    exit 1\nfi\n# This output is used by Xcode 'outputs' to avoid re-running this script phase.\necho \"SUCCESS\" > \"${SCRIPT_OUTPUT_FILE_0}\"\n";
			showEnvVarsInLog = 0;
		};
/* End PBXShellScriptBuildPhase section */

/* Begin PBXSourcesBuildPhase section */
		1E9BF14324BF2C90008B5E70 /* Sources */ = {
			isa = PBXSourcesBuildPhase;
			buildActionMask = 2147483647;
			files = (
				1E095D8C24C7263E00081545 /* PhotoCell.swift in Sources */,
				1E39549924C033A300B1CA57 /* UsersListNetwokManager.swift in Sources */,
				1E095D7C24C5D1E400081545 /* DetailRouter.swift in Sources */,
				1EEBE8D724C9B36800665F06 /* SignInPresenter.swift in Sources */,
				1E9BF14B24BF2C90008B5E70 /* AppDelegate.swift in Sources */,
				1EEBE8CC24C96DDD00665F06 /* Collection+Register.swift in Sources */,
				1EF6954124CABA170065CA13 /* SignUpPresenter.swift in Sources */,
				1E39549324BF4D3600B1CA57 /* UserListScreenAssembly.swift in Sources */,
				1EC49F7D24D07DC1004C1925 /* ProfileRouter.swift in Sources */,
				1EC49F7724D07D83004C1925 /* ProfilePresenter.swift in Sources */,
				1EEBE8CA24C96DDD00665F06 /* ModuleTransitionHandler.swift in Sources */,
				1EC49F7924D07D97004C1925 /* ProfileInteractor.swift in Sources */,
				1EF6954724CABA480065CA13 /* SignUpRouter.swift in Sources */,
				1E353D6424C816890082A4F8 /* PositionTableViewCell.swift in Sources */,
				1E353D6624C816B00082A4F8 /* CompanyTableViewCell.swift in Sources */,
				1E095D7424C5D17C00081545 /* DetailViewController.swift in Sources */,
				1EC49F8824D17EB9004C1925 /* CreateViewController.swift in Sources */,
				1EF6953D24C9DF200065CA13 /* UITextField+roundsCorner.swift in Sources */,
				1EC49F8C24D17EE0004C1925 /* CreateInteractor.swift in Sources */,
				1EF6954524CABA390065CA13 /* SignUpAssembly.swift in Sources */,
				1EF6954324CABA280065CA13 /* SignUpInteractor.swift in Sources */,
				1E9BF18524BF3CDF008B5E70 /* UsersListCustomTableViewCell.swift in Sources */,
				1EEBE8CF24C9783500665F06 /* SetupDetailLabel.swift in Sources */,
				1EC49F7524D07D68004C1925 /* ProfileViewController.swift in Sources */,
				1EC49F8A24D17ECF004C1925 /* CreatePresenter.swift in Sources */,
				1E353D7124C838270082A4F8 /* DetailDataProvider.swift in Sources */,
				1E095D7824C5D1A100081545 /* DetailPresenter.swift in Sources */,
				1E353D6E24C82CF00082A4F8 /* DetailViewModel.swift in Sources */,
				1E39549F24C049B200B1CA57 /* UsersListViewController.swift in Sources */,
				1EC49F8E24D17EF4004C1925 /* CreateAssembly.swift in Sources */,
				1E095D8E24C72BE000081545 /* FullNameTableViewCell.swift in Sources */,
				1E095D7A24C5D1D500081545 /* DetailAssembly.swift in Sources */,
				1E39549B24C039FE00B1CA57 /* UsersListScreenRouter.swift in Sources */,
				1E095D7624C5D19000081545 /* DetailInteractor.swift in Sources */,
				1EC49F9024D17F05004C1925 /* CreateRouter.swift in Sources */,
				1EEBE8D524C9B34F00665F06 /* SignInInteractor.swift in Sources */,
				1E39549724C0309E00B1CA57 /* UsersListPresenter.swift in Sources */,
				1EEBE8C724C96DDD00665F06 /* Assembly.swift in Sources */,
				1E39549D24C03A5A00B1CA57 /* UsersListInteractor.swift in Sources */,
				1EEBE8C924C96DDD00665F06 /* ConfigurableCell.swift in Sources */,
				1EEBE8D324C9B33900665F06 /* SignInViewController.swift in Sources */,
				1EC49F7F24D17CC3004C1925 /* ProfileModel.swift in Sources */,
				1EC49F7B24D07DAE004C1925 /* ProfileAssembly.swift in Sources */,
				1EEBE8C824C96DDD00665F06 /* Foundation+Extension.swift in Sources */,
				1E9BF18324BF3AC1008B5E70 /* UsersDataListModel.swift in Sources */,
				1EEBE8D924C9B37C00665F06 /* SignInAssembly.swift in Sources */,
				1E9BF18124BF37D5008B5E70 /* UserModel.swift in Sources */,
				1EEBE8DB24C9B39600665F06 /* SignInRouter.swift in Sources */,
				1EEBE8CB24C96DDD00665F06 /* TableCellConfigurator.swift in Sources */,
				1EEBE8CD24C96DDD00665F06 /* NavigationBarSetings.swift in Sources */,
				1E353D6824C816C20082A4F8 /* ActivityTableViewCell.swift in Sources */,
				1EF6953F24CAB9E90065CA13 /* SignUpViewController.swift in Sources */,
			);
			runOnlyForDeploymentPostprocessing = 0;
		};
/* End PBXSourcesBuildPhase section */

/* Begin PBXVariantGroup section */
		1E9BF15524BF2C91008B5E70 /* LaunchScreen.storyboard */ = {
			isa = PBXVariantGroup;
			children = (
				1E9BF15624BF2C91008B5E70 /* Base */,
			);
			name = LaunchScreen.storyboard;
			sourceTree = "<group>";
		};
/* End PBXVariantGroup section */

/* Begin XCBuildConfiguration section */
		1E9BF15924BF2C91008B5E70 /* Debug */ = {
			isa = XCBuildConfiguration;
			buildSettings = {
				ALWAYS_SEARCH_USER_PATHS = NO;
				CLANG_ANALYZER_NONNULL = YES;
				CLANG_ANALYZER_NUMBER_OBJECT_CONVERSION = YES_AGGRESSIVE;
				CLANG_CXX_LANGUAGE_STANDARD = "gnu++14";
				CLANG_CXX_LIBRARY = "libc++";
				CLANG_ENABLE_MODULES = YES;
				CLANG_ENABLE_OBJC_ARC = YES;
				CLANG_ENABLE_OBJC_WEAK = YES;
				CLANG_WARN_BLOCK_CAPTURE_AUTORELEASING = YES;
				CLANG_WARN_BOOL_CONVERSION = YES;
				CLANG_WARN_COMMA = YES;
				CLANG_WARN_CONSTANT_CONVERSION = YES;
				CLANG_WARN_DEPRECATED_OBJC_IMPLEMENTATIONS = YES;
				CLANG_WARN_DIRECT_OBJC_ISA_USAGE = YES_ERROR;
				CLANG_WARN_DOCUMENTATION_COMMENTS = YES;
				CLANG_WARN_EMPTY_BODY = YES;
				CLANG_WARN_ENUM_CONVERSION = YES;
				CLANG_WARN_INFINITE_RECURSION = YES;
				CLANG_WARN_INT_CONVERSION = YES;
				CLANG_WARN_NON_LITERAL_NULL_CONVERSION = YES;
				CLANG_WARN_OBJC_IMPLICIT_RETAIN_SELF = YES;
				CLANG_WARN_OBJC_LITERAL_CONVERSION = YES;
				CLANG_WARN_OBJC_ROOT_CLASS = YES_ERROR;
				CLANG_WARN_RANGE_LOOP_ANALYSIS = YES;
				CLANG_WARN_STRICT_PROTOTYPES = YES;
				CLANG_WARN_SUSPICIOUS_MOVE = YES;
				CLANG_WARN_UNGUARDED_AVAILABILITY = YES_AGGRESSIVE;
				CLANG_WARN_UNREACHABLE_CODE = YES;
				CLANG_WARN__DUPLICATE_METHOD_MATCH = YES;
				COPY_PHASE_STRIP = NO;
				DEBUG_INFORMATION_FORMAT = dwarf;
				ENABLE_STRICT_OBJC_MSGSEND = YES;
				ENABLE_TESTABILITY = YES;
				GCC_C_LANGUAGE_STANDARD = gnu11;
				GCC_DYNAMIC_NO_PIC = NO;
				GCC_NO_COMMON_BLOCKS = YES;
				GCC_OPTIMIZATION_LEVEL = 0;
				GCC_PREPROCESSOR_DEFINITIONS = (
					"DEBUG=1",
					"$(inherited)",
				);
				GCC_WARN_64_TO_32_BIT_CONVERSION = YES;
				GCC_WARN_ABOUT_RETURN_TYPE = YES_ERROR;
				GCC_WARN_UNDECLARED_SELECTOR = YES;
				GCC_WARN_UNINITIALIZED_AUTOS = YES_AGGRESSIVE;
				GCC_WARN_UNUSED_FUNCTION = YES;
				GCC_WARN_UNUSED_VARIABLE = YES;
				IPHONEOS_DEPLOYMENT_TARGET = 13.2;
				MTL_ENABLE_DEBUG_INFO = INCLUDE_SOURCE;
				MTL_FAST_MATH = YES;
				ONLY_ACTIVE_ARCH = YES;
				SDKROOT = iphoneos;
				SWIFT_ACTIVE_COMPILATION_CONDITIONS = DEBUG;
				SWIFT_OPTIMIZATION_LEVEL = "-Onone";
			};
			name = Debug;
		};
		1E9BF15A24BF2C91008B5E70 /* Release */ = {
			isa = XCBuildConfiguration;
			buildSettings = {
				ALWAYS_SEARCH_USER_PATHS = NO;
				CLANG_ANALYZER_NONNULL = YES;
				CLANG_ANALYZER_NUMBER_OBJECT_CONVERSION = YES_AGGRESSIVE;
				CLANG_CXX_LANGUAGE_STANDARD = "gnu++14";
				CLANG_CXX_LIBRARY = "libc++";
				CLANG_ENABLE_MODULES = YES;
				CLANG_ENABLE_OBJC_ARC = YES;
				CLANG_ENABLE_OBJC_WEAK = YES;
				CLANG_WARN_BLOCK_CAPTURE_AUTORELEASING = YES;
				CLANG_WARN_BOOL_CONVERSION = YES;
				CLANG_WARN_COMMA = YES;
				CLANG_WARN_CONSTANT_CONVERSION = YES;
				CLANG_WARN_DEPRECATED_OBJC_IMPLEMENTATIONS = YES;
				CLANG_WARN_DIRECT_OBJC_ISA_USAGE = YES_ERROR;
				CLANG_WARN_DOCUMENTATION_COMMENTS = YES;
				CLANG_WARN_EMPTY_BODY = YES;
				CLANG_WARN_ENUM_CONVERSION = YES;
				CLANG_WARN_INFINITE_RECURSION = YES;
				CLANG_WARN_INT_CONVERSION = YES;
				CLANG_WARN_NON_LITERAL_NULL_CONVERSION = YES;
				CLANG_WARN_OBJC_IMPLICIT_RETAIN_SELF = YES;
				CLANG_WARN_OBJC_LITERAL_CONVERSION = YES;
				CLANG_WARN_OBJC_ROOT_CLASS = YES_ERROR;
				CLANG_WARN_RANGE_LOOP_ANALYSIS = YES;
				CLANG_WARN_STRICT_PROTOTYPES = YES;
				CLANG_WARN_SUSPICIOUS_MOVE = YES;
				CLANG_WARN_UNGUARDED_AVAILABILITY = YES_AGGRESSIVE;
				CLANG_WARN_UNREACHABLE_CODE = YES;
				CLANG_WARN__DUPLICATE_METHOD_MATCH = YES;
				COPY_PHASE_STRIP = NO;
				DEBUG_INFORMATION_FORMAT = "dwarf-with-dsym";
				ENABLE_NS_ASSERTIONS = NO;
				ENABLE_STRICT_OBJC_MSGSEND = YES;
				GCC_C_LANGUAGE_STANDARD = gnu11;
				GCC_NO_COMMON_BLOCKS = YES;
				GCC_WARN_64_TO_32_BIT_CONVERSION = YES;
				GCC_WARN_ABOUT_RETURN_TYPE = YES_ERROR;
				GCC_WARN_UNDECLARED_SELECTOR = YES;
				GCC_WARN_UNINITIALIZED_AUTOS = YES_AGGRESSIVE;
				GCC_WARN_UNUSED_FUNCTION = YES;
				GCC_WARN_UNUSED_VARIABLE = YES;
				IPHONEOS_DEPLOYMENT_TARGET = 13.2;
				MTL_ENABLE_DEBUG_INFO = NO;
				MTL_FAST_MATH = YES;
				SDKROOT = iphoneos;
				SWIFT_COMPILATION_MODE = wholemodule;
				SWIFT_OPTIMIZATION_LEVEL = "-O";
				VALIDATE_PRODUCT = YES;
			};
			name = Release;
		};
		1E9BF15C24BF2C91008B5E70 /* Debug */ = {
			isa = XCBuildConfiguration;
			baseConfigurationReference = 5002A46B5384E057A8F60B11 /* Pods-VIPERtoCRY.debug.xcconfig */;
			buildSettings = {
				ASSETCATALOG_COMPILER_APPICON_NAME = AppIcon;
				CODE_SIGN_STYLE = Automatic;
				DEVELOPMENT_TEAM = A92M6XXWDU;
				INFOPLIST_FILE = "$(SRCROOT)/VIPERtoCRY/Resources/Info.plist";
				LD_RUNPATH_SEARCH_PATHS = (
					"$(inherited)",
					"@executable_path/Frameworks",
				);
				PRODUCT_BUNDLE_IDENTIFIER = ru.swiftbook.VIPERtoCRY;
				PRODUCT_NAME = "$(TARGET_NAME)";
				SWIFT_VERSION = 5.0;
				TARGETED_DEVICE_FAMILY = 1;
			};
			name = Debug;
		};
		1E9BF15D24BF2C91008B5E70 /* Release */ = {
			isa = XCBuildConfiguration;
			baseConfigurationReference = 7E8A23D56401368FC7EB65F4 /* Pods-VIPERtoCRY.release.xcconfig */;
			buildSettings = {
				ASSETCATALOG_COMPILER_APPICON_NAME = AppIcon;
				CODE_SIGN_STYLE = Automatic;
				DEVELOPMENT_TEAM = A92M6XXWDU;
				INFOPLIST_FILE = "$(SRCROOT)/VIPERtoCRY/Resources/Info.plist";
				LD_RUNPATH_SEARCH_PATHS = (
					"$(inherited)",
					"@executable_path/Frameworks",
				);
				PRODUCT_BUNDLE_IDENTIFIER = ru.swiftbook.VIPERtoCRY;
				PRODUCT_NAME = "$(TARGET_NAME)";
				SWIFT_VERSION = 5.0;
				TARGETED_DEVICE_FAMILY = 1;
			};
			name = Release;
		};
/* End XCBuildConfiguration section */

/* Begin XCConfigurationList section */
		1E9BF14224BF2C90008B5E70 /* Build configuration list for PBXProject "VIPERtoCRY" */ = {
			isa = XCConfigurationList;
			buildConfigurations = (
				1E9BF15924BF2C91008B5E70 /* Debug */,
				1E9BF15A24BF2C91008B5E70 /* Release */,
			);
			defaultConfigurationIsVisible = 0;
			defaultConfigurationName = Release;
		};
		1E9BF15B24BF2C91008B5E70 /* Build configuration list for PBXNativeTarget "VIPERtoCRY" */ = {
			isa = XCConfigurationList;
			buildConfigurations = (
				1E9BF15C24BF2C91008B5E70 /* Debug */,
				1E9BF15D24BF2C91008B5E70 /* Release */,
			);
			defaultConfigurationIsVisible = 0;
			defaultConfigurationName = Release;
		};
/* End XCConfigurationList section */
	};
	rootObject = 1E9BF13F24BF2C90008B5E70 /* Project object */;
}
